
Microsoft Visual Studio Solution File, Format Version 12.00
# Visual Studio Version 16
VisualStudioVersion = 16.0.30907.101
MinimumVisualStudioVersion = 10.0.40219.1
Project("{FAE04EC0-301F-11D3-BF4B-00C04F79EFBC}") = "P_Classes_ToyBox", "P_Classes_ToyBox\P_Classes_ToyBox.csproj", "{60090E4B-63E2-47FF-8BD9-A3C4F912E9C5}"
EndProject
Global
	GlobalSection(SolutionConfigurationPlatforms) = preSolution
		Debug|Any CPU = Debug|Any CPU
		Release|Any CPU = Release|Any CPU
	EndGlobalSection
	GlobalSection(ProjectConfigurationPlatforms) = postSolution
		{60090E4B-63E2-47FF-8BD9-A3C4F912E9C5}.Debug|Any CPU.ActiveCfg = Debug|Any CPU
		{60090E4B-63E2-47FF-8BD9-A3C4F912E9C5}.Debug|Any CPU.Build.0 = Debug|Any CPU
		{60090E4B-63E2-47FF-8BD9-A3C4F912E9C5}.Release|Any CPU.ActiveCfg = Release|Any CPU
		{60090E4B-63E2-47FF-8BD9-A3C4F912E9C5}.Release|Any CPU.Build.0 = Release|Any CPU
	EndGlobalSection
	GlobalSection(SolutionProperties) = preSolution
		HideSolutionNode = FALSE
	EndGlobalSection
	GlobalSection(ExtensibilityGlobals) = postSolution
		SolutionGuid = {A0AD4F00-41FA-41AD-B3FD-F25A57E32E52}
	EndGlobalSection
EndGlobal
